
Microsoft Visual Studio Solution File, Format Version 12.00
# Visual Studio Version 17
VisualStudioVersion = 17.13.35825.156 d17.13
MinimumVisualStudioVersion = 10.0.40219.1
Project("{FAE04EC0-301F-11D3-BF4B-00C04F79EFBC}") = "Practicando", "Practicando\Practicando.csproj", "{E46F29FA-F3C5-46DE-9931-022CDBE12F69}"
EndProject
Global
	GlobalSection(SolutionConfigurationPlatforms) = preSolution
		Debug|Any CPU = Debug|Any CPU
		Release|Any CPU = Release|Any CPU
	EndGlobalSection
	GlobalSection(ProjectConfigurationPlatforms) = postSolution
		{E46F29FA-F3C5-46DE-9931-022CDBE12F69}.Debug|Any CPU.ActiveCfg = Debug|Any CPU
		{E46F29FA-F3C5-46DE-9931-022CDBE12F69}.Debug|Any CPU.Build.0 = Debug|Any CPU
		{E46F29FA-F3C5-46DE-9931-022CDBE12F69}.Release|Any CPU.ActiveCfg = Release|Any CPU
		{E46F29FA-F3C5-46DE-9931-022CDBE12F69}.Release|Any CPU.Build.0 = Release|Any CPU
	EndGlobalSection
	GlobalSection(SolutionProperties) = preSolution
		HideSolutionNode = FALSE
	EndGlobalSection
	GlobalSection(ExtensibilityGlobals) = postSolution
		SolutionGuid = {ABA3CF1A-4086-4D5A-9907-566B72EB1FD6}
	EndGlobalSection
EndGlobal
